<?xml version="1.0" encoding="UTF-8"?>
<CodeBlocks_project_file>
	<FileVersion major="1" minor="6"/>
	<Project>
		<Option title="przeksztalceniaPVM"/>
		<Option makefile_is_custom="1"/>
		<Option compiler="gcc"/>
		<Option virtualFolders="CMake Files\;CMake Files\OGLSample1\;CMake Files\..\;CMake Files\..\cmake\;CMake Files\..\cmake\Modules\;CMake Files\OGLSample2_IB_VBO\;CMake Files\buffor1\;CMake Files\buffor2\;CMake Files\buffor3\;CMake Files\uniform1\;CMake Files\przeksztalceniaPVM\;"/>
		<Build>
			<Target title="all">
				<Option working_dir="/home/benek/workspace/g1/Grafika-master/OGLSamples/przeksztalceniaPVM"/>
				<Option type="4"/>
				<MakeCommands>
					<Build command="/usr/bin/make -f &quot;/home/benek/workspace/g1/Grafika-master/OGLSamples/przeksztalceniaPVM/Makefile&quot;  VERBOSE=1 all"/>
					<CompileFile command="/usr/bin/make -f &quot;/home/benek/workspace/g1/Grafika-master/OGLSamples/przeksztalceniaPVM/Makefile&quot;  VERBOSE=1 &quot;$file&quot;"/>
					<Clean command="/usr/bin/make -f &quot;/home/benek/workspace/g1/Grafika-master/OGLSamples/przeksztalceniaPVM/Makefile&quot;  VERBOSE=1 clean"/>
					<DistClean command="/usr/bin/make -f &quot;/home/benek/workspace/g1/Grafika-master/OGLSamples/przeksztalceniaPVM/Makefile&quot;  VERBOSE=1 clean"/>
				</MakeCommands>
			</Target>
			<Target title="przeksztalceniaPVM">
				<Option output="/home/benek/workspace/g1/Grafika-master/OGLSamples/przeksztalceniaPVM/przeksztalceniaPVM" prefix_auto="0" extension_auto="0"/>
				<Option working_dir="/home/benek/workspace/g1/Grafika-master/OGLSamples/przeksztalceniaPVM"/>
				<Option object_output="./"/>
				<Option type="1"/>
				<Option compiler="gcc"/>
				<Compiler>
					<Add directory="/home/benek/workspace/g1/Grafika-master/OGLSamples/../Libs/glm/include"/>
					<Add directory="/home/benek/workspace/g1/Grafika-master/OGLSamples/../Libs/gli/include"/>
					<Add directory="/home/benek/workspace/g1/Grafika-master/OGLSamples/../Libs/glbinding/include"/>
				</Compiler>
				<MakeCommands>
					<Build command="/usr/bin/make -f &quot;/home/benek/workspace/g1/Grafika-master/OGLSamples/przeksztalceniaPVM/Makefile&quot;  VERBOSE=1 przeksztalceniaPVM"/>
					<CompileFile command="/usr/bin/make -f &quot;/home/benek/workspace/g1/Grafika-master/OGLSamples/przeksztalceniaPVM/Makefile&quot;  VERBOSE=1 &quot;$file&quot;"/>
					<Clean command="/usr/bin/make -f &quot;/home/benek/workspace/g1/Grafika-master/OGLSamples/przeksztalceniaPVM/Makefile&quot;  VERBOSE=1 clean"/>
					<DistClean command="/usr/bin/make -f &quot;/home/benek/workspace/g1/Grafika-master/OGLSamples/przeksztalceniaPVM/Makefile&quot;  VERBOSE=1 clean"/>
				</MakeCommands>
			</Target>
			<Target title="przeksztalceniaPVM/fast">
				<Option output="/home/benek/workspace/g1/Grafika-master/OGLSamples/przeksztalceniaPVM/przeksztalceniaPVM" prefix_auto="0" extension_auto="0"/>
				<Option working_dir="/home/benek/workspace/g1/Grafika-master/OGLSamples/przeksztalceniaPVM"/>
				<Option object_output="./"/>
				<Option type="1"/>
				<Option compiler="gcc"/>
				<Compiler>
					<Add directory="/home/benek/workspace/g1/Grafika-master/OGLSamples/../Libs/glm/include"/>
					<Add directory="/home/benek/workspace/g1/Grafika-master/OGLSamples/../Libs/gli/include"/>
					<Add directory="/home/benek/workspace/g1/Grafika-master/OGLSamples/../Libs/glbinding/include"/>
				</Compiler>
				<MakeCommands>
					<Build command="/usr/bin/make -f &quot;/home/benek/workspace/g1/Grafika-master/OGLSamples/przeksztalceniaPVM/Makefile&quot;  VERBOSE=1 przeksztalceniaPVM/fast"/>
					<CompileFile command="/usr/bin/make -f &quot;/home/benek/workspace/g1/Grafika-master/OGLSamples/przeksztalceniaPVM/Makefile&quot;  VERBOSE=1 &quot;$file&quot;"/>
					<Clean command="/usr/bin/make -f &quot;/home/benek/workspace/g1/Grafika-master/OGLSamples/przeksztalceniaPVM/Makefile&quot;  VERBOSE=1 clean"/>
					<DistClean command="/usr/bin/make -f &quot;/home/benek/workspace/g1/Grafika-master/OGLSamples/przeksztalceniaPVM/Makefile&quot;  VERBOSE=1 clean"/>
				</MakeCommands>
			</Target>
		</Build>
		<Unit filename="/home/benek/workspace/g1/Grafika-master/OGLSamples/przeksztalceniaPVM/Scene.cpp">
			<Option target="przeksztalceniaPVM"/>
		</Unit>
		<Unit filename="/home/benek/workspace/g1/Grafika-master/OGLSamples/przeksztalceniaPVM/Scene.h">
			<Option target="przeksztalceniaPVM"/>
		</Unit>
		<Unit filename="/home/benek/workspace/g1/Grafika-master/OGLSamples/przeksztalceniaPVM/Utilities.cpp">
			<Option target="przeksztalceniaPVM"/>
		</Unit>
		<Unit filename="/home/benek/workspace/g1/Grafika-master/OGLSamples/przeksztalceniaPVM/Utilities.h">
			<Option target="przeksztalceniaPVM"/>
		</Unit>
		<Unit filename="/home/benek/workspace/g1/Grafika-master/OGLSamples/przeksztalceniaPVM/libs.h">
			<Option target="przeksztalceniaPVM"/>
		</Unit>
		<Unit filename="/home/benek/workspace/g1/Grafika-master/OGLSamples/przeksztalceniaPVM/main.cpp">
			<Option target="przeksztalceniaPVM"/>
		</Unit>
		<Unit filename="/home/benek/workspace/g1/Grafika-master/OGLSamples/CMakeLists.txt">
			<Option virtualFolder="CMake Files\"/>
		</Unit>
		<Unit filename="/home/benek/workspace/g1/Grafika-master/OGLSamples/OGLSample1/CMakeLists.txt">
			<Option virtualFolder="CMake Files\OGLSample1\"/>
		</Unit>
		<Unit filename="/home/benek/workspace/g1/Grafika-master/OGLSamples/../cmake/Modules/Findglbinding.cmake">
			<Option virtualFolder="CMake Files\..\cmake\Modules\"/>
		</Unit>
		<Unit filename="/home/benek/workspace/g1/Grafika-master/OGLSamples/OGLSample2_IB_VBO/CMakeLists.txt">
			<Option virtualFolder="CMake Files\OGLSample2_IB_VBO\"/>
		</Unit>
		<Unit filename="/home/benek/workspace/g1/Grafika-master/OGLSamples/buffor1/CMakeLists.txt">
			<Option virtualFolder="CMake Files\buffor1\"/>
		</Unit>
		<Unit filename="/home/benek/workspace/g1/Grafika-master/OGLSamples/buffor2/CMakeLists.txt">
			<Option virtualFolder="CMake Files\buffor2\"/>
		</Unit>
		<Unit filename="/home/benek/workspace/g1/Grafika-master/OGLSamples/buffor3/CMakeLists.txt">
			<Option virtualFolder="CMake Files\buffor3\"/>
		</Unit>
		<Unit filename="/home/benek/workspace/g1/Grafika-master/OGLSamples/uniform1/CMakeLists.txt">
			<Option virtualFolder="CMake Files\uniform1\"/>
		</Unit>
		<Unit filename="/home/benek/workspace/g1/Grafika-master/OGLSamples/przeksztalceniaPVM/CMakeLists.txt">
			<Option virtualFolder="CMake Files\przeksztalceniaPVM\"/>
		</Unit>
	</Project>
</CodeBlocks_project_file>
