<?xml version="1.0" encoding="UTF-8"?>
<CodeBlocks_project_file>
	<FileVersion major="1" minor="6"/>
	<Project>
		<Option title="buffor1"/>
		<Option makefile_is_custom="1"/>
		<Option compiler="gcc"/>
		<Option virtualFolders="CMake Files\;CMake Files\OGLSample1\;CMake Files\..\;CMake Files\..\cmake\;CMake Files\..\cmake\Modules\;CMake Files\OGLSample2_IB_VBO\;CMake Files\buffor1\;"/>
		<Build>
			<Target title="all">
				<Option working_dir="/home/benek/workspace/g1/Grafika-master/OGLSamples/buffor1"/>
				<Option type="4"/>
				<MakeCommands>
					<Build command="/usr/bin/make -f &quot;/home/benek/workspace/g1/Grafika-master/OGLSamples/buffor1/Makefile&quot;  VERBOSE=1 all"/>
					<CompileFile command="/usr/bin/make -f &quot;/home/benek/workspace/g1/Grafika-master/OGLSamples/buffor1/Makefile&quot;  VERBOSE=1 &quot;$file&quot;"/>
					<Clean command="/usr/bin/make -f &quot;/home/benek/workspace/g1/Grafika-master/OGLSamples/buffor1/Makefile&quot;  VERBOSE=1 clean"/>
					<DistClean command="/usr/bin/make -f &quot;/home/benek/workspace/g1/Grafika-master/OGLSamples/buffor1/Makefile&quot;  VERBOSE=1 clean"/>
				</MakeCommands>
			</Target>
			<Target title="buffor1">
				<Option output="/home/benek/workspace/g1/Grafika-master/OGLSamples/buffor1/buffor1" prefix_auto="0" extension_auto="0"/>
				<Option working_dir="/home/benek/workspace/g1/Grafika-master/OGLSamples/buffor1"/>
				<Option object_output="./"/>
				<Option type="1"/>
				<Option compiler="gcc"/>
				<Compiler>
					<Add directory="/home/benek/workspace/g1/Grafika-master/OGLSamples/../Libs/glm/include"/>
					<Add directory="/home/benek/workspace/g1/Grafika-master/OGLSamples/../Libs/gli/include"/>
					<Add directory="/home/benek/workspace/g1/Grafika-master/OGLSamples/../Libs/glbinding/include"/>
				</Compiler>
				<MakeCommands>
					<Build command="/usr/bin/make -f &quot;/home/benek/workspace/g1/Grafika-master/OGLSamples/buffor1/Makefile&quot;  VERBOSE=1 buffor1"/>
					<CompileFile command="/usr/bin/make -f &quot;/home/benek/workspace/g1/Grafika-master/OGLSamples/buffor1/Makefile&quot;  VERBOSE=1 &quot;$file&quot;"/>
					<Clean command="/usr/bin/make -f &quot;/home/benek/workspace/g1/Grafika-master/OGLSamples/buffor1/Makefile&quot;  VERBOSE=1 clean"/>
					<DistClean command="/usr/bin/make -f &quot;/home/benek/workspace/g1/Grafika-master/OGLSamples/buffor1/Makefile&quot;  VERBOSE=1 clean"/>
				</MakeCommands>
			</Target>
			<Target title="buffor1/fast">
				<Option output="/home/benek/workspace/g1/Grafika-master/OGLSamples/buffor1/buffor1" prefix_auto="0" extension_auto="0"/>
				<Option working_dir="/home/benek/workspace/g1/Grafika-master/OGLSamples/buffor1"/>
				<Option object_output="./"/>
				<Option type="1"/>
				<Option compiler="gcc"/>
				<Compiler>
					<Add directory="/home/benek/workspace/g1/Grafika-master/OGLSamples/../Libs/glm/include"/>
					<Add directory="/home/benek/workspace/g1/Grafika-master/OGLSamples/../Libs/gli/include"/>
					<Add directory="/home/benek/workspace/g1/Grafika-master/OGLSamples/../Libs/glbinding/include"/>
				</Compiler>
				<MakeCommands>
					<Build command="/usr/bin/make -f &quot;/home/benek/workspace/g1/Grafika-master/OGLSamples/buffor1/Makefile&quot;  VERBOSE=1 buffor1/fast"/>
					<CompileFile command="/usr/bin/make -f &quot;/home/benek/workspace/g1/Grafika-master/OGLSamples/buffor1/Makefile&quot;  VERBOSE=1 &quot;$file&quot;"/>
					<Clean command="/usr/bin/make -f &quot;/home/benek/workspace/g1/Grafika-master/OGLSamples/buffor1/Makefile&quot;  VERBOSE=1 clean"/>
					<DistClean command="/usr/bin/make -f &quot;/home/benek/workspace/g1/Grafika-master/OGLSamples/buffor1/Makefile&quot;  VERBOSE=1 clean"/>
				</MakeCommands>
			</Target>
		</Build>
		<Unit filename="/home/benek/workspace/g1/Grafika-master/OGLSamples/buffor1/Scene.cpp">
			<Option target="buffor1"/>
		</Unit>
		<Unit filename="/home/benek/workspace/g1/Grafika-master/OGLSamples/buffor1/Scene.h">
			<Option target="buffor1"/>
		</Unit>
		<Unit filename="/home/benek/workspace/g1/Grafika-master/OGLSamples/buffor1/Utilities.cpp">
			<Option target="buffor1"/>
		</Unit>
		<Unit filename="/home/benek/workspace/g1/Grafika-master/OGLSamples/buffor1/Utilities.h">
			<Option target="buffor1"/>
		</Unit>
		<Unit filename="/home/benek/workspace/g1/Grafika-master/OGLSamples/buffor1/libs.h">
			<Option target="buffor1"/>
		</Unit>
		<Unit filename="/home/benek/workspace/g1/Grafika-master/OGLSamples/buffor1/main.cpp">
			<Option target="buffor1"/>
		</Unit>
		<Unit filename="/home/benek/workspace/g1/Grafika-master/OGLSamples/CMakeLists.txt">
			<Option virtualFolder="CMake Files\"/>
		</Unit>
		<Unit filename="/home/benek/workspace/g1/Grafika-master/OGLSamples/OGLSample1/CMakeLists.txt">
			<Option virtualFolder="CMake Files\OGLSample1\"/>
		</Unit>
		<Unit filename="/home/benek/workspace/g1/Grafika-master/OGLSamples/../cmake/Modules/Findglbinding.cmake">
			<Option virtualFolder="CMake Files\..\cmake\Modules\"/>
		</Unit>
		<Unit filename="/home/benek/workspace/g1/Grafika-master/OGLSamples/OGLSample2_IB_VBO/CMakeLists.txt">
			<Option virtualFolder="CMake Files\OGLSample2_IB_VBO\"/>
		</Unit>
		<Unit filename="/home/benek/workspace/g1/Grafika-master/OGLSamples/buffor1/CMakeLists.txt">
			<Option virtualFolder="CMake Files\buffor1\"/>
		</Unit>
	</Project>
</CodeBlocks_project_file>
